// !$*UTF8*$!
{
	archiveVersion = 1;
	classes = {
	};
	objectVersion = 50;
	objects = {

/* Begin PBXBuildFile section */
		AAABF297222D100600F4B03E /* AppDelegate.m in Sources */ = {isa = PBXBuildFile; fileRef = AAABF296222D100600F4B03E /* AppDelegate.m */; };
		AAABF29A222D100600F4B03E /* ViewController.m in Sources */ = {isa = PBXBuildFile; fileRef = AAABF299222D100600F4B03E /* ViewController.m */; };
		AAABF29D222D100600F4B03E /* Main.storyboard in Resources */ = {isa = PBXBuildFile; fileRef = AAABF29B222D100600F4B03E /* Main.storyboard */; };
		AAABF29F222D100900F4B03E /* Assets.xcassets in Resources */ = {isa = PBXBuildFile; fileRef = AAABF29E222D100900F4B03E /* Assets.xcassets */; };
		AAABF2A2222D100900F4B03E /* LaunchScreen.storyboard in Resources */ = {isa = PBXBuildFile; fileRef = AAABF2A0222D100900F4B03E /* LaunchScreen.storyboard */; };
		AAABF2A5222D100900F4B03E /* main.m in Sources */ = {isa = PBXBuildFile; fileRef = AAABF2A4222D100900F4B03E /* main.m */; };
		AAABF2B3222D105800F4B03E /* project-3.jpg in Resources */ = {isa = PBXBuildFile; fileRef = AAABF2AB222D105700F4B03E /* project-3.jpg */; };
		AAABF2B4222D105800F4B03E /* project-1.jpg in Resources */ = {isa = PBXBuildFile; fileRef = AAABF2AC222D105700F4B03E /* project-1.jpg */; };
		AAABF2B5222D105800F4B03E /* project-6.jpg in Resources */ = {isa = PBXBuildFile; fileRef = AAABF2AD222D105700F4B03E /* project-6.jpg */; };
		AAABF2B6222D105800F4B03E /* project-7.jpg in Resources */ = {isa = PBXBuildFile; fileRef = AAABF2AE222D105700F4B03E /* project-7.jpg */; };
		AAABF2B7222D105800F4B03E /* project-2.jpg in Resources */ = {isa = PBXBuildFile; fileRef = AAABF2AF222D105700F4B03E /* project-2.jpg */; };
		AAABF2B8222D105800F4B03E /* project-8.jpg in Resources */ = {isa = PBXBuildFile; fileRef = AAABF2B0222D105800F4B03E /* project-8.jpg */; };
		AAABF2B9222D105800F4B03E /* project-4.jpg in Resources */ = {isa = PBXBuildFile; fileRef = AAABF2B1222D105800F4B03E /* project-4.jpg */; };
		AAABF2BA222D105800F4B03E /* project-5.jpg in Resources */ = {isa = PBXBuildFile; fileRef = AAABF2B2222D105800F4B03E /* project-5.jpg */; };
		AAABF2BC222D107500F4B03E /* file.html in Resources */ = {isa = PBXBuildFile; fileRef = AAABF2BB222D107500F4B03E /* file.html */; };
		AAABF2BF222D11AF00F4B03E /* CustomURLProtocol.m in Sources */ = {isa = PBXBuildFile; fileRef = AAABF2BE222D11AF00F4B03E /* CustomURLProtocol.m */; };
/* End PBXBuildFile section */

/* Begin PBXFileReference section */
		AAABF292222D100600F4B03E /* Demo.app */ = {isa = PBXFileReference; explicitFileType = wrapper.application; includeInIndex = 0; path = Demo.app; sourceTree = BUILT_PRODUCTS_DIR; };
		AAABF295222D100600F4B03E /* AppDelegate.h */ = {isa = PBXFileReference; lastKnownFileType = sourcecode.c.h; path = AppDelegate.h; sourceTree = "<group>"; };
		AAABF296222D100600F4B03E /* AppDelegate.m */ = {isa = PBXFileReference; lastKnownFileType = sourcecode.c.objc; path = AppDelegate.m; sourceTree = "<group>"; };
		AAABF298222D100600F4B03E /* ViewController.h */ = {isa = PBXFileReference; lastKnownFileType = sourcecode.c.h; path = ViewController.h; sourceTree = "<group>"; };
		AAABF299222D100600F4B03E /* ViewController.m */ = {isa = PBXFileReference; lastKnownFileType = sourcecode.c.objc; path = ViewController.m; sourceTree = "<group>"; };
		AAABF29C222D100600F4B03E /* Base */ = {isa = PBXFileReference; lastKnownFileType = file.storyboard; name = Base; path = Base.lproj/Main.storyboard; sourceTree = "<group>"; };
		AAABF29E222D100900F4B03E /* Assets.xcassets */ = {isa = PBXFileReference; lastKnownFileType = folder.assetcatalog; path = Assets.xcassets; sourceTree = "<group>"; };
		AAABF2A1222D100900F4B03E /* Base */ = {isa = PBXFileReference; lastKnownFileType = file.storyboard; name = Base; path = Base.lproj/LaunchScreen.storyboard; sourceTree = "<group>"; };
		AAABF2A3222D100900F4B03E /* Info.plist */ = {isa = PBXFileReference; lastKnownFileType = text.plist.xml; path = Info.plist; sourceTree = "<group>"; };
		AAABF2A4222D100900F4B03E /* main.m */ = {isa = PBXFileReference; lastKnownFileType = sourcecode.c.objc; path = main.m; sourceTree = "<group>"; };
		AAABF2AB222D105700F4B03E /* project-3.jpg */ = {isa = PBXFileReference; lastKnownFileType = image.jpeg; path = "project-3.jpg"; sourceTree = "<group>"; };
		AAABF2AC222D105700F4B03E /* project-1.jpg */ = {isa = PBXFileReference; lastKnownFileType = image.jpeg; path = "project-1.jpg"; sourceTree = "<group>"; };
		AAABF2AD222D105700F4B03E /* project-6.jpg */ = {isa = PBXFileReference; lastKnownFileType = image.jpeg; path = "project-6.jpg"; sourceTree = "<group>"; };
		AAABF2AE222D105700F4B03E /* project-7.jpg */ = {isa = PBXFileReference; lastKnownFileType = image.jpeg; path = "project-7.jpg"; sourceTree = "<group>"; };
		AAABF2AF222D105700F4B03E /* project-2.jpg */ = {isa = PBXFileReference; lastKnownFileType = image.jpeg; path = "project-2.jpg"; sourceTree = "<group>"; };
		AAABF2B0222D105800F4B03E /* project-8.jpg */ = {isa = PBXFileReference; lastKnownFileType = image.jpeg; path = "project-8.jpg"; sourceTree = "<group>"; };
		AAABF2B1222D105800F4B03E /* project-4.jpg */ = {isa = PBXFileReference; lastKnownFileType = image.jpeg; path = "project-4.jpg"; sourceTree = "<group>"; };
		AAABF2B2222D105800F4B03E /* project-5.jpg */ = {isa = PBXFileReference; lastKnownFileType = image.jpeg; path = "project-5.jpg"; sourceTree = "<group>"; };
		AAABF2BB222D107500F4B03E /* file.html */ = {isa = PBXFileReference; fileEncoding = 4; lastKnownFileType = text.html; path = file.html; sourceTree = "<group>"; };
		AAABF2BD222D11AF00F4B03E /* CustomURLProtocol.h */ = {isa = PBXFileReference; lastKnownFileType = sourcecode.c.h; path = CustomURLProtocol.h; sourceTree = "<group>"; };
		AAABF2BE222D11AF00F4B03E /* CustomURLProtocol.m */ = {isa = PBXFileReference; lastKnownFileType = sourcecode.c.objc; path = CustomURLProtocol.m; sourceTree = "<group>"; };
/* End PBXFileReference section */

/* Begin PBXFrameworksBuildPhase section */
		AAABF28F222D100600F4B03E /* Frameworks */ = {
			isa = PBXFrameworksBuildPhase;
			buildActionMask = 2147483647;
			files = (
			);
			runOnlyForDeploymentPostprocessing = 0;
		};
/* End PBXFrameworksBuildPhase section */

/* Begin PBXGroup section */
		AAABF289222D100600F4B03E = {
			isa = PBXGroup;
			children = (
				AAABF294222D100600F4B03E /* Demo */,
				AAABF293222D100600F4B03E /* Products */,
			);
			sourceTree = "<group>";
		};
		AAABF293222D100600F4B03E /* Products */ = {
			isa = PBXGroup;
			children = (
				AAABF292222D100600F4B03E /* Demo.app */,
			);
			name = Products;
			sourceTree = "<group>";
		};
		AAABF294222D100600F4B03E /* Demo */ = {
			isa = PBXGroup;
			children = (
				AAABF2AC222D105700F4B03E /* project-1.jpg */,
				AAABF2AF222D105700F4B03E /* project-2.jpg */,
				AAABF2AB222D105700F4B03E /* project-3.jpg */,
				AAABF2B1222D105800F4B03E /* project-4.jpg */,
				AAABF2B2222D105800F4B03E /* project-5.jpg */,
				AAABF2AD222D105700F4B03E /* project-6.jpg */,
				AAABF2AE222D105700F4B03E /* project-7.jpg */,
				AAABF2B0222D105800F4B03E /* project-8.jpg */,
				AAABF2BB222D107500F4B03E /* file.html */,
				AAABF295222D100600F4B03E /* AppDelegate.h */,
				AAABF296222D100600F4B03E /* AppDelegate.m */,
				AAABF298222D100600F4B03E /* ViewController.h */,
				AAABF299222D100600F4B03E /* ViewController.m */,
				AAABF2BD222D11AF00F4B03E /* CustomURLProtocol.h */,
				AAABF2BE222D11AF00F4B03E /* CustomURLProtocol.m */,
				AAABF29B222D100600F4B03E /* Main.storyboard */,
				AAABF29E222D100900F4B03E /* Assets.xcassets */,
				AAABF2A0222D100900F4B03E /* LaunchScreen.storyboard */,
				AAABF2A3222D100900F4B03E /* Info.plist */,
				AAABF2A4222D100900F4B03E /* main.m */,
			);
			path = Demo;
			sourceTree = "<group>";
		};
/* End PBXGroup section */

/* Begin PBXNativeTarget section */
		AAABF291222D100600F4B03E /* Demo */ = {
			isa = PBXNativeTarget;
			buildConfigurationList = AAABF2A8222D100900F4B03E /* Build configuration list for PBXNativeTarget "Demo" */;
			buildPhases = (
				AAABF28E222D100600F4B03E /* Sources */,
				AAABF28F222D100600F4B03E /* Frameworks */,
				AAABF290222D100600F4B03E /* Resources */,
			);
			buildRules = (
			);
			dependencies = (
			);
			name = Demo;
			productName = Demo;
			productReference = AAABF292222D100600F4B03E /* Demo.app */;
			productType = "com.apple.product-type.application";
		};
/* End PBXNativeTarget section */

/* Begin PBXProject section */
		AAABF28A222D100600F4B03E /* Project object */ = {
			isa = PBXProject;
			attributes = {
				LastUpgradeCheck = 1010;
				ORGANIZATIONNAME = "MTX Software Technology Co.,Ltd.";
				TargetAttributes = {
					AAABF291222D100600F4B03E = {
						CreatedOnToolsVersion = 10.1;
					};
				};
			};
			buildConfigurationList = AAABF28D222D100600F4B03E /* Build configuration list for PBXProject "Demo" */;
			compatibilityVersion = "Xcode 9.3";
			developmentRegion = en;
			hasScannedForEncodings = 0;
			knownRegions = (
				en,
				Base,
			);
			mainGroup = AAABF289222D100600F4B03E;
			productRefGroup = AAABF293222D100600F4B03E /* Products */;
			projectDirPath = "";
			projectRoot = "";
			targets = (
				AAABF291222D100600F4B03E /* Demo */,
			);
		};
/* End PBXProject section */

/* Begin PBXResourcesBuildPhase section */
		AAABF290222D100600F4B03E /* Resources */ = {
			isa = PBXResourcesBuildPhase;
			buildActionMask = 2147483647;
			files = (
				AAABF2BC222D107500F4B03E /* file.html in Resources */,
				AAABF2A2222D100900F4B03E /* LaunchScreen.storyboard in Resources */,
				AAABF29F222D100900F4B03E /* Assets.xcassets in Resources */,
				AAABF2B9222D105800F4B03E /* project-4.jpg in Resources */,
				AAABF2B7222D105800F4B03E /* project-2.jpg in Resources */,
				AAABF29D222D100600F4B03E /* Main.storyboard in Resources */,
				AAABF2B8222D105800F4B03E /* project-8.jpg in Resources */,
				AAABF2BA222D105800F4B03E /* project-5.jpg in Resources */,
				AAABF2B4222D105800F4B03E /* project-1.jpg in Resources */,
				AAABF2B6222D105800F4B03E /* project-7.jpg in Resources */,
				AAABF2B5222D105800F4B03E /* project-6.jpg in Resources */,
				AAABF2B3222D105800F4B03E /* project-3.jpg in Resources */,
			);
			runOnlyForDeploymentPostprocessing = 0;
		};
/* End PBXResourcesBuildPhase section */

/* Begin PBXSourcesBuildPhase section */
		AAABF28E222D100600F4B03E /* Sources */ = {
			isa = PBXSourcesBuildPhase;
			buildActionMask = 2147483647;
			files = (
				AAABF29A222D100600F4B03E /* ViewController.m in Sources */,
				AAABF2A5222D100900F4B03E /* main.m in Sources */,
				AAABF2BF222D11AF00F4B03E /* CustomURLProtocol.m in Sources */,
				AAABF297222D100600F4B03E /* AppDelegate.m in Sources */,
			);
			runOnlyForDeploymentPostprocessing = 0;
		};
/* End PBXSourcesBuildPhase section */

/* Begin PBXVariantGroup section */
		AAABF29B222D100600F4B03E /* Main.storyboard */ = {
			isa = PBXVariantGroup;
			children = (
				AAABF29C222D100600F4B03E /* Base */,
			);
			name = Main.storyboard;
			sourceTree = "<group>";
		};
		AAABF2A0222D100900F4B03E /* LaunchScreen.storyboard */ = {
			isa = PBXVariantGroup;
			children = (
				AAABF2A1222D100900F4B03E /* Base */,
			);
			name = LaunchScreen.storyboard;
			sourceTree = "<group>";
		};
/* End PBXVariantGroup section */

/* Begin XCBuildConfiguration section */
		AAABF2A6222D100900F4B03E /* Debug */ = {
			isa = XCBuildConfiguration;
			buildSettings = {
				ALWAYS_SEARCH_USER_PATHS = NO;
				CLANG_ANALYZER_NONNULL = YES;
				CLANG_ANALYZER_NUMBER_OBJECT_CONVERSION = YES_AGGRESSIVE;
				CLANG_CXX_LANGUAGE_STANDARD = "gnu++14";
				CLANG_CXX_LIBRARY = "libc++";
				CLANG_ENABLE_MODULES = YES;
				CLANG_ENABLE_OBJC_ARC = YES;
				CLANG_ENABLE_OBJC_WEAK = YES;
				CLANG_WARN_BLOCK_CAPTURE_AUTORELEASING = YES;
				CLANG_WARN_BOOL_CONVERSION = YES;
				CLANG_WARN_COMMA = YES;
				CLANG_WARN_CONSTANT_CONVERSION = YES;
				CLANG_WARN_DEPRECATED_OBJC_IMPLEMENTATIONS = YES;
				CLANG_WARN_DIRECT_OBJC_ISA_USAGE = YES_ERROR;
				CLANG_WARN_DOCUMENTATION_COMMENTS = YES;
				CLANG_WARN_EMPTY_BODY = YES;
				CLANG_WARN_ENUM_CONVERSION = YES;
				CLANG_WARN_INFINITE_RECURSION = YES;
				CLANG_WARN_INT_CONVERSION = YES;
				CLANG_WARN_NON_LITERAL_NULL_CONVERSION = YES;
				CLANG_WARN_OBJC_IMPLICIT_RETAIN_SELF = YES;
				CLANG_WARN_OBJC_LITERAL_CONVERSION = YES;
				CLANG_WARN_OBJC_ROOT_CLASS = YES_ERROR;
				CLANG_WARN_RANGE_LOOP_ANALYSIS = YES;
				CLANG_WARN_STRICT_PROTOTYPES = YES;
				CLANG_WARN_SUSPICIOUS_MOVE = YES;
				CLANG_WARN_UNGUARDED_AVAILABILITY = YES_AGGRESSIVE;
				CLANG_WARN_UNREACHABLE_CODE = YES;
				CLANG_WARN__DUPLICATE_METHOD_MATCH = YES;
				CODE_SIGN_IDENTITY = "iPhone Developer";
				COPY_PHASE_STRIP = NO;
				DEBUG_INFORMATION_FORMAT = dwarf;
				ENABLE_STRICT_OBJC_MSGSEND = YES;
				ENABLE_TESTABILITY = YES;
				GCC_C_LANGUAGE_STANDARD = gnu11;
				GCC_DYNAMIC_NO_PIC = NO;
				GCC_NO_COMMON_BLOCKS = YES;
				GCC_OPTIMIZATION_LEVEL = 0;
				GCC_PREPROCESSOR_DEFINITIONS = (
					"DEBUG=1",
					"$(inherited)",
				);
				GCC_WARN_64_TO_32_BIT_CONVERSION = YES;
				GCC_WARN_ABOUT_RETURN_TYPE = YES_ERROR;
				GCC_WARN_UNDECLARED_SELECTOR = YES;
				GCC_WARN_UNINITIALIZED_AUTOS = YES_AGGRESSIVE;
				GCC_WARN_UNUSED_FUNCTION = YES;
				GCC_WARN_UNUSED_VARIABLE = YES;
				IPHONEOS_DEPLOYMENT_TARGET = 12.1;
				MTL_ENABLE_DEBUG_INFO = INCLUDE_SOURCE;
				MTL_FAST_MATH = YES;
				ONLY_ACTIVE_ARCH = YES;
				SDKROOT = iphoneos;
			};
			name = Debug;
		};
		AAABF2A7222D100900F4B03E /* Release */ = {
			isa = XCBuildConfiguration;
			buildSettings = {
				ALWAYS_SEARCH_USER_PATHS = NO;
				CLANG_ANALYZER_NONNULL = YES;
				CLANG_ANALYZER_NUMBER_OBJECT_CONVERSION = YES_AGGRESSIVE;
				CLANG_CXX_LANGUAGE_STANDARD = "gnu++14";
				CLANG_CXX_LIBRARY = "libc++";
				CLANG_ENABLE_MODULES = YES;
				CLANG_ENABLE_OBJC_ARC = YES;
				CLANG_ENABLE_OBJC_WEAK = YES;
				CLANG_WARN_BLOCK_CAPTURE_AUTORELEASING = YES;
				CLANG_WARN_BOOL_CONVERSION = YES;
				CLANG_WARN_COMMA = YES;
				CLANG_WARN_CONSTANT_CONVERSION = YES;
				CLANG_WARN_DEPRECATED_OBJC_IMPLEMENTATIONS = YES;
				CLANG_WARN_DIRECT_OBJC_ISA_USAGE = YES_ERROR;
				CLANG_WARN_DOCUMENTATION_COMMENTS = YES;
				CLANG_WARN_EMPTY_BODY = YES;
				CLANG_WARN_ENUM_CONVERSION = YES;
				CLANG_WARN_INFINITE_RECURSION = YES;
				CLANG_WARN_INT_CONVERSION = YES;
				CLANG_WARN_NON_LITERAL_NULL_CONVERSION = YES;
				CLANG_WARN_OBJC_IMPLICIT_RETAIN_SELF = YES;
				CLANG_WARN_OBJC_LITERAL_CONVERSION = YES;
				CLANG_WARN_OBJC_ROOT_CLASS = YES_ERROR;
				CLANG_WARN_RANGE_LOOP_ANALYSIS = YES;
				CLANG_WARN_STRICT_PROTOTYPES = YES;
				CLANG_WARN_SUSPICIOUS_MOVE = YES;
				CLANG_WARN_UNGUARDED_AVAILABILITY = YES_AGGRESSIVE;
				CLANG_WARN_UNREACHABLE_CODE = YES;
				CLANG_WARN__DUPLICATE_METHOD_MATCH = YES;
				CODE_SIGN_IDENTITY = "iPhone Developer";
				COPY_PHASE_STRIP = NO;
				DEBUG_INFORMATION_FORMAT = "dwarf-with-dsym";
				ENABLE_NS_ASSERTIONS = NO;
				ENABLE_STRICT_OBJC_MSGSEND = YES;
				GCC_C_LANGUAGE_STANDARD = gnu11;
				GCC_NO_COMMON_BLOCKS = YES;
				GCC_WARN_64_TO_32_BIT_CONVERSION = YES;
				GCC_WARN_ABOUT_RETURN_TYPE = YES_ERROR;
				GCC_WARN_UNDECLARED_SELECTOR = YES;
				GCC_WARN_UNINITIALIZED_AUTOS = YES_AGGRESSIVE;
				GCC_WARN_UNUSED_FUNCTION = YES;
				GCC_WARN_UNUSED_VARIABLE = YES;
				IPHONEOS_DEPLOYMENT_TARGET = 12.1;
				MTL_ENABLE_DEBUG_INFO = NO;
				MTL_FAST_MATH = YES;
				SDKROOT = iphoneos;
				VALIDATE_PRODUCT = YES;
			};
			name = Release;
		};
		AAABF2A9222D100900F4B03E /* Debug */ = {
			isa = XCBuildConfiguration;
			buildSettings = {
				ASSETCATALOG_COMPILER_APPICON_NAME = AppIcon;
				CODE_SIGN_STYLE = Automatic;
				DEVELOPMENT_TEAM = 5U5763E89G;
				INFOPLIST_FILE = Demo/Info.plist;
				LD_RUNPATH_SEARCH_PATHS = (
					"$(inherited)",
					"@executable_path/Frameworks",
				);
				PRODUCT_BUNDLE_IDENTIFIER = com.mountain.xiang;
				PRODUCT_NAME = "$(TARGET_NAME)";
				TARGETED_DEVICE_FAMILY = "1,2";
			};
			name = Debug;
		};
		AAABF2AA222D100900F4B03E /* Release */ = {
			isa = XCBuildConfiguration;
			buildSettings = {
				ASSETCATALOG_COMPILER_APPICON_NAME = AppIcon;
				CODE_SIGN_STYLE = Automatic;
				DEVELOPMENT_TEAM = 5U5763E89G;
				INFOPLIST_FILE = Demo/Info.plist;
				LD_RUNPATH_SEARCH_PATHS = (
					"$(inherited)",
					"@executable_path/Frameworks",
				);
				PRODUCT_BUNDLE_IDENTIFIER = com.mountain.xiang;
				PRODUCT_NAME = "$(TARGET_NAME)";
				TARGETED_DEVICE_FAMILY = "1,2";
			};
			name = Release;
		};
/* End XCBuildConfiguration section */

/* Begin XCConfigurationList section */
		AAABF28D222D100600F4B03E /* Build configuration list for PBXProject "Demo" */ = {
			isa = XCConfigurationList;
			buildConfigurations = (
				AAABF2A6222D100900F4B03E /* Debug */,
				AAABF2A7222D100900F4B03E /* Release */,
			);
			defaultConfigurationIsVisible = 0;
			defaultConfigurationName = Release;
		};
		AAABF2A8222D100900F4B03E /* Build configuration list for PBXNativeTarget "Demo" */ = {
			isa = XCConfigurationList;
			buildConfigurations = (
				AAABF2A9222D100900F4B03E /* Debug */,
				AAABF2AA222D100900F4B03E /* Release */,
			);
			defaultConfigurationIsVisible = 0;
			defaultConfigurationName = Release;
		};
/* End XCConfigurationList section */
	};
	rootObject = AAABF28A222D100600F4B03E /* Project object */;
}
